// !$*UTF8*$!
{
	archiveVersion = 1;
	classes = {
	};
	objectVersion = 48;
	objects = {

/* Begin PBXBuildFile section */
		5828B2A420F9EEB40064A88C /* AppDelegate.swift in Sources */ = {isa = PBXBuildFile; fileRef = 5828B2A320F9EEB40064A88C /* AppDelegate.swift */; };
		5828B2A620F9EEB40064A88C /* CityAmenitiesListViewController.swift in Sources */ = {isa = PBXBuildFile; fileRef = 5828B2A520F9EEB40064A88C /* CityAmenitiesListViewController.swift */; };
		5828B2AB20F9EEB40064A88C /* Assets.xcassets in Resources */ = {isa = PBXBuildFile; fileRef = 5828B2AA20F9EEB40064A88C /* Assets.xcassets */; };
		5828B2AE20F9EEB40064A88C /* LaunchScreen.storyboard in Resources */ = {isa = PBXBuildFile; fileRef = 5828B2AC20F9EEB40064A88C /* LaunchScreen.storyboard */; };
		5828B2B920F9EEB40064A88C /* TelstraiOSAssignmentTests.swift in Sources */ = {isa = PBXBuildFile; fileRef = 5828B2B820F9EEB40064A88C /* TelstraiOSAssignmentTests.swift */; };
		5828B2C420F9EEB40064A88C /* TelstraiOSAssignmentUITests.swift in Sources */ = {isa = PBXBuildFile; fileRef = 5828B2C320F9EEB40064A88C /* TelstraiOSAssignmentUITests.swift */; };
		5828B2D720F9F2C20064A88C /* AmenitiesModel.swift in Sources */ = {isa = PBXBuildFile; fileRef = 5828B2D620F9F2C20064A88C /* AmenitiesModel.swift */; };
		5828B2D920F9F4760064A88C /* APIServiceCall.swift in Sources */ = {isa = PBXBuildFile; fileRef = 5828B2D820F9F4760064A88C /* APIServiceCall.swift */; };
		5828B2DB20FB6BBD0064A88C /* AmenitiesTableViewCell.swift in Sources */ = {isa = PBXBuildFile; fileRef = 5828B2DA20FB6BBD0064A88C /* AmenitiesTableViewCell.swift */; };
		5828B2DE20FC58740064A88C /* Reachablility.swift in Sources */ = {isa = PBXBuildFile; fileRef = 5828B2DD20FC58740064A88C /* Reachablility.swift */; };
		589C17AF2101A9890088D7A8 /* Constants.swift in Sources */ = {isa = PBXBuildFile; fileRef = 589C17AE2101A9890088D7A8 /* Constants.swift */; };
		589C17B42101B7FE0088D7A8 /* APIServiceCallTest.swift in Sources */ = {isa = PBXBuildFile; fileRef = 589C17B22101B7FE0088D7A8 /* APIServiceCallTest.swift */; };
		7FCB2FF431F03708B096E987 /* Pods_TelstraiOSAssignmentUITests.framework in Frameworks */ = {isa = PBXBuildFile; fileRef = 7A3CE6EEE1C04986B379F652 /* Pods_TelstraiOSAssignmentUITests.framework */; };
		85A732503D3AAE34474B7780 /* Pods_TelstraiOSAssignment.framework in Frameworks */ = {isa = PBXBuildFile; fileRef = 2CDC6BCCAAC656986A7495CD /* Pods_TelstraiOSAssignment.framework */; };
		AD7FC6F1195A1BF7FB192AF1 /* Pods_TelstraiOSAssignmentTests.framework in Frameworks */ = {isa = PBXBuildFile; fileRef = 253E8173FB034735D05E8BC4 /* Pods_TelstraiOSAssignmentTests.framework */; };
/* End PBXBuildFile section */

/* Begin PBXContainerItemProxy section */
		5828B2B520F9EEB40064A88C /* PBXContainerItemProxy */ = {
			isa = PBXContainerItemProxy;
			containerPortal = 5828B29820F9EEB40064A88C /* Project object */;
			proxyType = 1;
			remoteGlobalIDString = 5828B29F20F9EEB40064A88C;
			remoteInfo = TelstraiOSAssignment;
		};
		5828B2C020F9EEB40064A88C /* PBXContainerItemProxy */ = {
			isa = PBXContainerItemProxy;
			containerPortal = 5828B29820F9EEB40064A88C /* Project object */;
			proxyType = 1;
			remoteGlobalIDString = 5828B29F20F9EEB40064A88C;
			remoteInfo = TelstraiOSAssignment;
		};
/* End PBXContainerItemProxy section */

/* Begin PBXFileReference section */
		253E8173FB034735D05E8BC4 /* Pods_TelstraiOSAssignmentTests.framework */ = {isa = PBXFileReference; explicitFileType = wrapper.framework; includeInIndex = 0; path = Pods_TelstraiOSAssignmentTests.framework; sourceTree = BUILT_PRODUCTS_DIR; };
		2A2D6E9CBF2BF74381EA5423 /* Pods-TelstraiOSAssignmentTests.debug.xcconfig */ = {isa = PBXFileReference; includeInIndex = 1; lastKnownFileType = text.xcconfig; name = "Pods-TelstraiOSAssignmentTests.debug.xcconfig"; path = "Pods/Target Support Files/Pods-TelstraiOSAssignmentTests/Pods-TelstraiOSAssignmentTests.debug.xcconfig"; sourceTree = "<group>"; };
		2CDC6BCCAAC656986A7495CD /* Pods_TelstraiOSAssignment.framework */ = {isa = PBXFileReference; explicitFileType = wrapper.framework; includeInIndex = 0; path = Pods_TelstraiOSAssignment.framework; sourceTree = BUILT_PRODUCTS_DIR; };
		5828B2A020F9EEB40064A88C /* TelstraiOSAssignment.app */ = {isa = PBXFileReference; explicitFileType = wrapper.application; includeInIndex = 0; path = TelstraiOSAssignment.app; sourceTree = BUILT_PRODUCTS_DIR; };
		5828B2A320F9EEB40064A88C /* AppDelegate.swift */ = {isa = PBXFileReference; lastKnownFileType = sourcecode.swift; path = AppDelegate.swift; sourceTree = "<group>"; };
		5828B2A520F9EEB40064A88C /* CityAmenitiesListViewController.swift */ = {isa = PBXFileReference; lastKnownFileType = sourcecode.swift; path = CityAmenitiesListViewController.swift; sourceTree = "<group>"; };
		5828B2AA20F9EEB40064A88C /* Assets.xcassets */ = {isa = PBXFileReference; lastKnownFileType = folder.assetcatalog; path = Assets.xcassets; sourceTree = "<group>"; };
		5828B2AD20F9EEB40064A88C /* Base */ = {isa = PBXFileReference; lastKnownFileType = file.storyboard; name = Base; path = Base.lproj/LaunchScreen.storyboard; sourceTree = "<group>"; };
		5828B2AF20F9EEB40064A88C /* Info.plist */ = {isa = PBXFileReference; lastKnownFileType = text.plist.xml; path = Info.plist; sourceTree = "<group>"; };
		5828B2B420F9EEB40064A88C /* TelstraiOSAssignmentTests.xctest */ = {isa = PBXFileReference; explicitFileType = wrapper.cfbundle; includeInIndex = 0; path = TelstraiOSAssignmentTests.xctest; sourceTree = BUILT_PRODUCTS_DIR; };
		5828B2B820F9EEB40064A88C /* TelstraiOSAssignmentTests.swift */ = {isa = PBXFileReference; lastKnownFileType = sourcecode.swift; path = TelstraiOSAssignmentTests.swift; sourceTree = "<group>"; };
		5828B2BA20F9EEB40064A88C /* Info.plist */ = {isa = PBXFileReference; lastKnownFileType = text.plist.xml; path = Info.plist; sourceTree = "<group>"; };
		5828B2BF20F9EEB40064A88C /* TelstraiOSAssignmentUITests.xctest */ = {isa = PBXFileReference; explicitFileType = wrapper.cfbundle; includeInIndex = 0; path = TelstraiOSAssignmentUITests.xctest; sourceTree = BUILT_PRODUCTS_DIR; };
		5828B2C320F9EEB40064A88C /* TelstraiOSAssignmentUITests.swift */ = {isa = PBXFileReference; lastKnownFileType = sourcecode.swift; path = TelstraiOSAssignmentUITests.swift; sourceTree = "<group>"; };
		5828B2C520F9EEB40064A88C /* Info.plist */ = {isa = PBXFileReference; lastKnownFileType = text.plist.xml; path = Info.plist; sourceTree = "<group>"; };
		5828B2D620F9F2C20064A88C /* AmenitiesModel.swift */ = {isa = PBXFileReference; lastKnownFileType = sourcecode.swift; path = AmenitiesModel.swift; sourceTree = "<group>"; };
		5828B2D820F9F4760064A88C /* APIServiceCall.swift */ = {isa = PBXFileReference; lastKnownFileType = sourcecode.swift; path = APIServiceCall.swift; sourceTree = "<group>"; };
		5828B2DA20FB6BBD0064A88C /* AmenitiesTableViewCell.swift */ = {isa = PBXFileReference; lastKnownFileType = sourcecode.swift; path = AmenitiesTableViewCell.swift; sourceTree = "<group>"; };
		5828B2DD20FC58740064A88C /* Reachablility.swift */ = {isa = PBXFileReference; lastKnownFileType = sourcecode.swift; path = Reachablility.swift; sourceTree = "<group>"; };
		589C17AE2101A9890088D7A8 /* Constants.swift */ = {isa = PBXFileReference; lastKnownFileType = sourcecode.swift; path = Constants.swift; sourceTree = "<group>"; };
		589C17B22101B7FE0088D7A8 /* APIServiceCallTest.swift */ = {isa = PBXFileReference; lastKnownFileType = sourcecode.swift; path = APIServiceCallTest.swift; sourceTree = "<group>"; };
		648C509B7930E862288F3757 /* Pods-TelstraiOSAssignmentUITests.debug.xcconfig */ = {isa = PBXFileReference; includeInIndex = 1; lastKnownFileType = text.xcconfig; name = "Pods-TelstraiOSAssignmentUITests.debug.xcconfig"; path = "Pods/Target Support Files/Pods-TelstraiOSAssignmentUITests/Pods-TelstraiOSAssignmentUITests.debug.xcconfig"; sourceTree = "<group>"; };
		6DD1FF27C13ED22515CE94A9 /* Pods-TelstraiOSAssignmentTests.release.xcconfig */ = {isa = PBXFileReference; includeInIndex = 1; lastKnownFileType = text.xcconfig; name = "Pods-TelstraiOSAssignmentTests.release.xcconfig"; path = "Pods/Target Support Files/Pods-TelstraiOSAssignmentTests/Pods-TelstraiOSAssignmentTests.release.xcconfig"; sourceTree = "<group>"; };
		7A3CE6EEE1C04986B379F652 /* Pods_TelstraiOSAssignmentUITests.framework */ = {isa = PBXFileReference; explicitFileType = wrapper.framework; includeInIndex = 0; path = Pods_TelstraiOSAssignmentUITests.framework; sourceTree = BUILT_PRODUCTS_DIR; };
		9787CF73A9A4727A46D754CF /* Pods-TelstraiOSAssignment.release.xcconfig */ = {isa = PBXFileReference; includeInIndex = 1; lastKnownFileType = text.xcconfig; name = "Pods-TelstraiOSAssignment.release.xcconfig"; path = "Pods/Target Support Files/Pods-TelstraiOSAssignment/Pods-TelstraiOSAssignment.release.xcconfig"; sourceTree = "<group>"; };
		EC54B4DD6E7823D669B1579A /* Pods-TelstraiOSAssignmentUITests.release.xcconfig */ = {isa = PBXFileReference; includeInIndex = 1; lastKnownFileType = text.xcconfig; name = "Pods-TelstraiOSAssignmentUITests.release.xcconfig"; path = "Pods/Target Support Files/Pods-TelstraiOSAssignmentUITests/Pods-TelstraiOSAssignmentUITests.release.xcconfig"; sourceTree = "<group>"; };
		F6882E51D6B1AD6B10E23D35 /* Pods-TelstraiOSAssignment.debug.xcconfig */ = {isa = PBXFileReference; includeInIndex = 1; lastKnownFileType = text.xcconfig; name = "Pods-TelstraiOSAssignment.debug.xcconfig"; path = "Pods/Target Support Files/Pods-TelstraiOSAssignment/Pods-TelstraiOSAssignment.debug.xcconfig"; sourceTree = "<group>"; };
/* End PBXFileReference section */

/* Begin PBXFrameworksBuildPhase section */
		5828B29D20F9EEB40064A88C /* Frameworks */ = {
			isa = PBXFrameworksBuildPhase;
			buildActionMask = 2147483647;
			files = (
				85A732503D3AAE34474B7780 /* Pods_TelstraiOSAssignment.framework in Frameworks */,
			);
			runOnlyForDeploymentPostprocessing = 0;
		};
		5828B2B120F9EEB40064A88C /* Frameworks */ = {
			isa = PBXFrameworksBuildPhase;
			buildActionMask = 2147483647;
			files = (
				AD7FC6F1195A1BF7FB192AF1 /* Pods_TelstraiOSAssignmentTests.framework in Frameworks */,
			);
			runOnlyForDeploymentPostprocessing = 0;
		};
		5828B2BC20F9EEB40064A88C /* Frameworks */ = {
			isa = PBXFrameworksBuildPhase;
			buildActionMask = 2147483647;
			files = (
				7FCB2FF431F03708B096E987 /* Pods_TelstraiOSAssignmentUITests.framework in Frameworks */,
			);
			runOnlyForDeploymentPostprocessing = 0;
		};
/* End PBXFrameworksBuildPhase section */

/* Begin PBXGroup section */
		27241457EF29A39A35977D71 /* Frameworks */ = {
			isa = PBXGroup;
			children = (
				2CDC6BCCAAC656986A7495CD /* Pods_TelstraiOSAssignment.framework */,
				253E8173FB034735D05E8BC4 /* Pods_TelstraiOSAssignmentTests.framework */,
				7A3CE6EEE1C04986B379F652 /* Pods_TelstraiOSAssignmentUITests.framework */,
			);
			name = Frameworks;
			sourceTree = "<group>";
		};
		5828B29720F9EEB40064A88C = {
			isa = PBXGroup;
			children = (
				5828B2A220F9EEB40064A88C /* TelstraiOSAssignment */,
				5828B2B720F9EEB40064A88C /* TelstraiOSAssignmentTests */,
				5828B2C220F9EEB40064A88C /* TelstraiOSAssignmentUITests */,
				5828B2A120F9EEB40064A88C /* Products */,
				7302370FD10C808679E4D6C5 /* Pods */,
				27241457EF29A39A35977D71 /* Frameworks */,
			);
			sourceTree = "<group>";
		};
		5828B2A120F9EEB40064A88C /* Products */ = {
			isa = PBXGroup;
			children = (
				5828B2A020F9EEB40064A88C /* TelstraiOSAssignment.app */,
				5828B2B420F9EEB40064A88C /* TelstraiOSAssignmentTests.xctest */,
				5828B2BF20F9EEB40064A88C /* TelstraiOSAssignmentUITests.xctest */,
			);
			name = Products;
			sourceTree = "<group>";
		};
		5828B2A220F9EEB40064A88C /* TelstraiOSAssignment */ = {
			isa = PBXGroup;
			children = (
				5828B2DC20FC584D0064A88C /* Utilities */,
				5828B2D320F9F0C00064A88C /* Service */,
				5828B2D220F9F03A0064A88C /* ViewController */,
				5828B2D120F9F0260064A88C /* Model */,
				5828B2A320F9EEB40064A88C /* AppDelegate.swift */,
				5828B2AA20F9EEB40064A88C /* Assets.xcassets */,
				5828B2AC20F9EEB40064A88C /* LaunchScreen.storyboard */,
				5828B2AF20F9EEB40064A88C /* Info.plist */,
			);
			path = TelstraiOSAssignment;
			sourceTree = "<group>";
		};
		5828B2B720F9EEB40064A88C /* TelstraiOSAssignmentTests */ = {
			isa = PBXGroup;
			children = (
				5828B2B820F9EEB40064A88C /* TelstraiOSAssignmentTests.swift */,
				5828B2BA20F9EEB40064A88C /* Info.plist */,
				589C17B22101B7FE0088D7A8 /* APIServiceCallTest.swift */,
			);
			path = TelstraiOSAssignmentTests;
			sourceTree = "<group>";
		};
		5828B2C220F9EEB40064A88C /* TelstraiOSAssignmentUITests */ = {
			isa = PBXGroup;
			children = (
				5828B2C320F9EEB40064A88C /* TelstraiOSAssignmentUITests.swift */,
				5828B2C520F9EEB40064A88C /* Info.plist */,
			);
			path = TelstraiOSAssignmentUITests;
			sourceTree = "<group>";
		};
		5828B2D120F9F0260064A88C /* Model */ = {
			isa = PBXGroup;
			children = (
				5828B2D620F9F2C20064A88C /* AmenitiesModel.swift */,
			);
			path = Model;
			sourceTree = "<group>";
		};
		5828B2D220F9F03A0064A88C /* ViewController */ = {
			isa = PBXGroup;
			children = (
				5828B2A520F9EEB40064A88C /* CityAmenitiesListViewController.swift */,
				5828B2DA20FB6BBD0064A88C /* AmenitiesTableViewCell.swift */,
			);
			path = ViewController;
			sourceTree = "<group>";
		};
		5828B2D320F9F0C00064A88C /* Service */ = {
			isa = PBXGroup;
			children = (
				5828B2D820F9F4760064A88C /* APIServiceCall.swift */,
			);
			path = Service;
			sourceTree = "<group>";
		};
		5828B2DC20FC584D0064A88C /* Utilities */ = {
			isa = PBXGroup;
			children = (
				5828B2DD20FC58740064A88C /* Reachablility.swift */,
				589C17AE2101A9890088D7A8 /* Constants.swift */,
			);
			path = Utilities;
			sourceTree = "<group>";
		};
		7302370FD10C808679E4D6C5 /* Pods */ = {
			isa = PBXGroup;
			children = (
				F6882E51D6B1AD6B10E23D35 /* Pods-TelstraiOSAssignment.debug.xcconfig */,
				9787CF73A9A4727A46D754CF /* Pods-TelstraiOSAssignment.release.xcconfig */,
				2A2D6E9CBF2BF74381EA5423 /* Pods-TelstraiOSAssignmentTests.debug.xcconfig */,
				6DD1FF27C13ED22515CE94A9 /* Pods-TelstraiOSAssignmentTests.release.xcconfig */,
				648C509B7930E862288F3757 /* Pods-TelstraiOSAssignmentUITests.debug.xcconfig */,
				EC54B4DD6E7823D669B1579A /* Pods-TelstraiOSAssignmentUITests.release.xcconfig */,
			);
			name = Pods;
			sourceTree = "<group>";
		};
/* End PBXGroup section */

/* Begin PBXNativeTarget section */
		5828B29F20F9EEB40064A88C /* TelstraiOSAssignment */ = {
			isa = PBXNativeTarget;
			buildConfigurationList = 5828B2C820F9EEB40064A88C /* Build configuration list for PBXNativeTarget "TelstraiOSAssignment" */;
			buildPhases = (
				0E4575728C250B070F95D2E8 /* [CP] Check Pods Manifest.lock */,
				5828B29C20F9EEB40064A88C /* Sources */,
				5828B29D20F9EEB40064A88C /* Frameworks */,
				5828B29E20F9EEB40064A88C /* Resources */,
				47C98FF442C5259AD8A0FD3B /* [CP] Embed Pods Frameworks */,
			);
			buildRules = (
			);
			dependencies = (
			);
			name = TelstraiOSAssignment;
			productName = TelstraiOSAssignment;
			productReference = 5828B2A020F9EEB40064A88C /* TelstraiOSAssignment.app */;
			productType = "com.apple.product-type.application";
		};
		5828B2B320F9EEB40064A88C /* TelstraiOSAssignmentTests */ = {
			isa = PBXNativeTarget;
			buildConfigurationList = 5828B2CB20F9EEB40064A88C /* Build configuration list for PBXNativeTarget "TelstraiOSAssignmentTests" */;
			buildPhases = (
				D2749AC3FB2D6529B14844E7 /* [CP] Check Pods Manifest.lock */,
				5828B2B020F9EEB40064A88C /* Sources */,
				5828B2B120F9EEB40064A88C /* Frameworks */,
				5828B2B220F9EEB40064A88C /* Resources */,
			);
			buildRules = (
			);
			dependencies = (
				5828B2B620F9EEB40064A88C /* PBXTargetDependency */,
			);
			name = TelstraiOSAssignmentTests;
			productName = TelstraiOSAssignmentTests;
			productReference = 5828B2B420F9EEB40064A88C /* TelstraiOSAssignmentTests.xctest */;
			productType = "com.apple.product-type.bundle.unit-test";
		};
		5828B2BE20F9EEB40064A88C /* TelstraiOSAssignmentUITests */ = {
			isa = PBXNativeTarget;
			buildConfigurationList = 5828B2CE20F9EEB40064A88C /* Build configuration list for PBXNativeTarget "TelstraiOSAssignmentUITests" */;
			buildPhases = (
				77CB77889B8AE9B38A9BAFE1 /* [CP] Check Pods Manifest.lock */,
				5828B2BB20F9EEB40064A88C /* Sources */,
				5828B2BC20F9EEB40064A88C /* Frameworks */,
				5828B2BD20F9EEB40064A88C /* Resources */,
			);
			buildRules = (
			);
			dependencies = (
				5828B2C120F9EEB40064A88C /* PBXTargetDependency */,
			);
			name = TelstraiOSAssignmentUITests;
			productName = TelstraiOSAssignmentUITests;
			productReference = 5828B2BF20F9EEB40064A88C /* TelstraiOSAssignmentUITests.xctest */;
			productType = "com.apple.product-type.bundle.ui-testing";
		};
/* End PBXNativeTarget section */

/* Begin PBXProject section */
		5828B29820F9EEB40064A88C /* Project object */ = {
			isa = PBXProject;
			attributes = {
				LastSwiftUpdateCheck = 0920;
				LastUpgradeCheck = 0920;
				ORGANIZATIONNAME = "Saravanakumar Balan01";
				TargetAttributes = {
					5828B29F20F9EEB40064A88C = {
						CreatedOnToolsVersion = 9.2;
						ProvisioningStyle = Automatic;
					};
					5828B2B320F9EEB40064A88C = {
						CreatedOnToolsVersion = 9.2;
						ProvisioningStyle = Automatic;
						TestTargetID = 5828B29F20F9EEB40064A88C;
					};
					5828B2BE20F9EEB40064A88C = {
						CreatedOnToolsVersion = 9.2;
						ProvisioningStyle = Automatic;
						TestTargetID = 5828B29F20F9EEB40064A88C;
					};
				};
			};
			buildConfigurationList = 5828B29B20F9EEB40064A88C /* Build configuration list for PBXProject "TelstraiOSAssignment" */;
			compatibilityVersion = "Xcode 8.0";
			developmentRegion = en;
			hasScannedForEncodings = 0;
			knownRegions = (
				en,
				Base,
			);
			mainGroup = 5828B29720F9EEB40064A88C;
			productRefGroup = 5828B2A120F9EEB40064A88C /* Products */;
			projectDirPath = "";
			projectRoot = "";
			targets = (
				5828B29F20F9EEB40064A88C /* TelstraiOSAssignment */,
				5828B2B320F9EEB40064A88C /* TelstraiOSAssignmentTests */,
				5828B2BE20F9EEB40064A88C /* TelstraiOSAssignmentUITests */,
			);
		};
/* End PBXProject section */

/* Begin PBXResourcesBuildPhase section */
		5828B29E20F9EEB40064A88C /* Resources */ = {
			isa = PBXResourcesBuildPhase;
			buildActionMask = 2147483647;
			files = (
				5828B2AE20F9EEB40064A88C /* LaunchScreen.storyboard in Resources */,
				5828B2AB20F9EEB40064A88C /* Assets.xcassets in Resources */,
			);
			runOnlyForDeploymentPostprocessing = 0;
		};
		5828B2B220F9EEB40064A88C /* Resources */ = {
			isa = PBXResourcesBuildPhase;
			buildActionMask = 2147483647;
			files = (
			);
			runOnlyForDeploymentPostprocessing = 0;
		};
		5828B2BD20F9EEB40064A88C /* Resources */ = {
			isa = PBXResourcesBuildPhase;
			buildActionMask = 2147483647;
			files = (
			);
			runOnlyForDeploymentPostprocessing = 0;
		};
/* End PBXResourcesBuildPhase section */

/* Begin PBXShellScriptBuildPhase section */
		0E4575728C250B070F95D2E8 /* [CP] Check Pods Manifest.lock */ = {
			isa = PBXShellScriptBuildPhase;
			buildActionMask = 2147483647;
			files = (
			);
			inputPaths = (
				"${PODS_PODFILE_DIR_PATH}/Podfile.lock",
				"${PODS_ROOT}/Manifest.lock",
			);
			name = "[CP] Check Pods Manifest.lock";
			outputPaths = (
				"$(DERIVED_FILE_DIR)/Pods-TelstraiOSAssignment-checkManifestLockResult.txt",
			);
			runOnlyForDeploymentPostprocessing = 0;
			shellPath = /bin/sh;
			shellScript = "diff \"${PODS_PODFILE_DIR_PATH}/Podfile.lock\" \"${PODS_ROOT}/Manifest.lock\" > /dev/null\nif [ $? != 0 ] ; then\n    # print error to STDERR\n    echo \"error: The sandbox is not in sync with the Podfile.lock. Run 'pod install' or update your CocoaPods installation.\" >&2\n    exit 1\nfi\n# This output is used by Xcode 'outputs' to avoid re-running this script phase.\necho \"SUCCESS\" > \"${SCRIPT_OUTPUT_FILE_0}\"\n";
			showEnvVarsInLog = 0;
		};
		47C98FF442C5259AD8A0FD3B /* [CP] Embed Pods Frameworks */ = {
			isa = PBXShellScriptBuildPhase;
			buildActionMask = 2147483647;
			files = (
			);
			inputPaths = (
				"${SRCROOT}/Pods/Target Support Files/Pods-TelstraiOSAssignment/Pods-TelstraiOSAssignment-frameworks.sh",
				"${BUILT_PRODUCTS_DIR}/SDWebImage/SDWebImage.framework",
				"${BUILT_PRODUCTS_DIR}/SnapKit/SnapKit.framework",
			);
			name = "[CP] Embed Pods Frameworks";
			outputPaths = (
				"${TARGET_BUILD_DIR}/${FRAMEWORKS_FOLDER_PATH}/SDWebImage.framework",
				"${TARGET_BUILD_DIR}/${FRAMEWORKS_FOLDER_PATH}/SnapKit.framework",
			);
			runOnlyForDeploymentPostprocessing = 0;
			shellPath = /bin/sh;
			shellScript = "\"${SRCROOT}/Pods/Target Support Files/Pods-TelstraiOSAssignment/Pods-TelstraiOSAssignment-frameworks.sh\"\n";
			showEnvVarsInLog = 0;
		};
		77CB77889B8AE9B38A9BAFE1 /* [CP] Check Pods Manifest.lock */ = {
			isa = PBXShellScriptBuildPhase;
			buildActionMask = 2147483647;
			files = (
			);
			inputPaths = (
				"${PODS_PODFILE_DIR_PATH}/Podfile.lock",
				"${PODS_ROOT}/Manifest.lock",
			);
			name = "[CP] Check Pods Manifest.lock";
			outputPaths = (
				"$(DERIVED_FILE_DIR)/Pods-TelstraiOSAssignmentUITests-checkManifestLockResult.txt",
			);
			runOnlyForDeploymentPostprocessing = 0;
			shellPath = /bin/sh;
			shellScript = "diff \"${PODS_PODFILE_DIR_PATH}/Podfile.lock\" \"${PODS_ROOT}/Manifest.lock\" > /dev/null\nif [ $? != 0 ] ; then\n    # print error to STDERR\n    echo \"error: The sandbox is not in sync with the Podfile.lock. Run 'pod install' or update your CocoaPods installation.\" >&2\n    exit 1\nfi\n# This output is used by Xcode 'outputs' to avoid re-running this script phase.\necho \"SUCCESS\" > \"${SCRIPT_OUTPUT_FILE_0}\"\n";
			showEnvVarsInLog = 0;
		};
		D2749AC3FB2D6529B14844E7 /* [CP] Check Pods Manifest.lock */ = {
			isa = PBXShellScriptBuildPhase;
			buildActionMask = 2147483647;
			files = (
			);
			inputPaths = (
				"${PODS_PODFILE_DIR_PATH}/Podfile.lock",
				"${PODS_ROOT}/Manifest.lock",
			);
			name = "[CP] Check Pods Manifest.lock";
			outputPaths = (
				"$(DERIVED_FILE_DIR)/Pods-TelstraiOSAssignmentTests-checkManifestLockResult.txt",
			);
			runOnlyForDeploymentPostprocessing = 0;
			shellPath = /bin/sh;
			shellScript = "diff \"${PODS_PODFILE_DIR_PATH}/Podfile.lock\" \"${PODS_ROOT}/Manifest.lock\" > /dev/null\nif [ $? != 0 ] ; then\n    # print error to STDERR\n    echo \"error: The sandbox is not in sync with the Podfile.lock. Run 'pod install' or update your CocoaPods installation.\" >&2\n    exit 1\nfi\n# This output is used by Xcode 'outputs' to avoid re-running this script phase.\necho \"SUCCESS\" > \"${SCRIPT_OUTPUT_FILE_0}\"\n";
			showEnvVarsInLog = 0;
		};
/* End PBXShellScriptBuildPhase section */

/* Begin PBXSourcesBuildPhase section */
		5828B29C20F9EEB40064A88C /* Sources */ = {
			isa = PBXSourcesBuildPhase;
			buildActionMask = 2147483647;
			files = (
				5828B2D920F9F4760064A88C /* APIServiceCall.swift in Sources */,
				5828B2A620F9EEB40064A88C /* CityAmenitiesListViewController.swift in Sources */,
				589C17AF2101A9890088D7A8 /* Constants.swift in Sources */,
				5828B2DB20FB6BBD0064A88C /* AmenitiesTableViewCell.swift in Sources */,
				5828B2A420F9EEB40064A88C /* AppDelegate.swift in Sources */,
				5828B2DE20FC58740064A88C /* Reachablility.swift in Sources */,
				5828B2D720F9F2C20064A88C /* AmenitiesModel.swift in Sources */,
			);
			runOnlyForDeploymentPostprocessing = 0;
		};
		5828B2B020F9EEB40064A88C /* Sources */ = {
			isa = PBXSourcesBuildPhase;
			buildActionMask = 2147483647;
			files = (
				589C17B42101B7FE0088D7A8 /* APIServiceCallTest.swift in Sources */,
				5828B2B920F9EEB40064A88C /* TelstraiOSAssignmentTests.swift in Sources */,
			);
			runOnlyForDeploymentPostprocessing = 0;
		};
		5828B2BB20F9EEB40064A88C /* Sources */ = {
			isa = PBXSourcesBuildPhase;
			buildActionMask = 2147483647;
			files = (
				5828B2C420F9EEB40064A88C /* TelstraiOSAssignmentUITests.swift in Sources */,
			);
			runOnlyForDeploymentPostprocessing = 0;
		};
/* End PBXSourcesBuildPhase section */

/* Begin PBXTargetDependency section */
		5828B2B620F9EEB40064A88C /* PBXTargetDependency */ = {
			isa = PBXTargetDependency;
			target = 5828B29F20F9EEB40064A88C /* TelstraiOSAssignment */;
			targetProxy = 5828B2B520F9EEB40064A88C /* PBXContainerItemProxy */;
		};
		5828B2C120F9EEB40064A88C /* PBXTargetDependency */ = {
			isa = PBXTargetDependency;
			target = 5828B29F20F9EEB40064A88C /* TelstraiOSAssignment */;
			targetProxy = 5828B2C020F9EEB40064A88C /* PBXContainerItemProxy */;
		};
/* End PBXTargetDependency section */

/* Begin PBXVariantGroup section */
		5828B2AC20F9EEB40064A88C /* LaunchScreen.storyboard */ = {
			isa = PBXVariantGroup;
			children = (
				5828B2AD20F9EEB40064A88C /* Base */,
			);
			name = LaunchScreen.storyboard;
			sourceTree = "<group>";
		};
/* End PBXVariantGroup section */

/* Begin XCBuildConfiguration section */
		5828B2C620F9EEB40064A88C /* Debug */ = {
			isa = XCBuildConfiguration;
			buildSettings = {
				ALWAYS_SEARCH_USER_PATHS = NO;
				CLANG_ANALYZER_NONNULL = YES;
				CLANG_ANALYZER_NUMBER_OBJECT_CONVERSION = YES_AGGRESSIVE;
				CLANG_CXX_LANGUAGE_STANDARD = "gnu++14";
				CLANG_CXX_LIBRARY = "libc++";
				CLANG_ENABLE_MODULES = YES;
				CLANG_ENABLE_OBJC_ARC = YES;
				CLANG_WARN_BLOCK_CAPTURE_AUTORELEASING = YES;
				CLANG_WARN_BOOL_CONVERSION = YES;
				CLANG_WARN_COMMA = YES;
				CLANG_WARN_CONSTANT_CONVERSION = YES;
				CLANG_WARN_DIRECT_OBJC_ISA_USAGE = YES_ERROR;
				CLANG_WARN_DOCUMENTATION_COMMENTS = YES;
				CLANG_WARN_EMPTY_BODY = YES;
				CLANG_WARN_ENUM_CONVERSION = YES;
				CLANG_WARN_INFINITE_RECURSION = YES;
				CLANG_WARN_INT_CONVERSION = YES;
				CLANG_WARN_NON_LITERAL_NULL_CONVERSION = YES;
				CLANG_WARN_OBJC_LITERAL_CONVERSION = YES;
				CLANG_WARN_OBJC_ROOT_CLASS = YES_ERROR;
				CLANG_WARN_RANGE_LOOP_ANALYSIS = YES;
				CLANG_WARN_STRICT_PROTOTYPES = YES;
				CLANG_WARN_SUSPICIOUS_MOVE = YES;
				CLANG_WARN_UNGUARDED_AVAILABILITY = YES_AGGRESSIVE;
				CLANG_WARN_UNREACHABLE_CODE = YES;
				CLANG_WARN__DUPLICATE_METHOD_MATCH = YES;
				CODE_SIGN_IDENTITY = "iPhone Developer";
				COPY_PHASE_STRIP = NO;
				DEBUG_INFORMATION_FORMAT = dwarf;
				ENABLE_STRICT_OBJC_MSGSEND = YES;
				ENABLE_TESTABILITY = YES;
				GCC_C_LANGUAGE_STANDARD = gnu11;
				GCC_DYNAMIC_NO_PIC = NO;
				GCC_NO_COMMON_BLOCKS = YES;
				GCC_OPTIMIZATION_LEVEL = 0;
				GCC_PREPROCESSOR_DEFINITIONS = (
					"DEBUG=1",
					"$(inherited)",
				);
				GCC_WARN_64_TO_32_BIT_CONVERSION = YES;
				GCC_WARN_ABOUT_RETURN_TYPE = YES_ERROR;
				GCC_WARN_UNDECLARED_SELECTOR = YES;
				GCC_WARN_UNINITIALIZED_AUTOS = YES_AGGRESSIVE;
				GCC_WARN_UNUSED_FUNCTION = YES;
				GCC_WARN_UNUSED_VARIABLE = YES;
				IPHONEOS_DEPLOYMENT_TARGET = 11.2;
				MTL_ENABLE_DEBUG_INFO = YES;
				ONLY_ACTIVE_ARCH = YES;
				SDKROOT = iphoneos;
				SWIFT_ACTIVE_COMPILATION_CONDITIONS = DEBUG;
				SWIFT_OPTIMIZATION_LEVEL = "-Onone";
			};
			name = Debug;
		};
		5828B2C720F9EEB40064A88C /* Release */ = {
			isa = XCBuildConfiguration;
			buildSettings = {
				ALWAYS_SEARCH_USER_PATHS = NO;
				CLANG_ANALYZER_NONNULL = YES;
				CLANG_ANALYZER_NUMBER_OBJECT_CONVERSION = YES_AGGRESSIVE;
				CLANG_CXX_LANGUAGE_STANDARD = "gnu++14";
				CLANG_CXX_LIBRARY = "libc++";
				CLANG_ENABLE_MODULES = YES;
				CLANG_ENABLE_OBJC_ARC = YES;
				CLANG_WARN_BLOCK_CAPTURE_AUTORELEASING = YES;
				CLANG_WARN_BOOL_CONVERSION = YES;
				CLANG_WARN_COMMA = YES;
				CLANG_WARN_CONSTANT_CONVERSION = YES;
				CLANG_WARN_DIRECT_OBJC_ISA_USAGE = YES_ERROR;
				CLANG_WARN_DOCUMENTATION_COMMENTS = YES;
				CLANG_WARN_EMPTY_BODY = YES;
				CLANG_WARN_ENUM_CONVERSION = YES;
				CLANG_WARN_INFINITE_RECURSION = YES;
				CLANG_WARN_INT_CONVERSION = YES;
				CLANG_WARN_NON_LITERAL_NULL_CONVERSION = YES;
				CLANG_WARN_OBJC_LITERAL_CONVERSION = YES;
				CLANG_WARN_OBJC_ROOT_CLASS = YES_ERROR;
				CLANG_WARN_RANGE_LOOP_ANALYSIS = YES;
				CLANG_WARN_STRICT_PROTOTYPES = YES;
				CLANG_WARN_SUSPICIOUS_MOVE = YES;
				CLANG_WARN_UNGUARDED_AVAILABILITY = YES_AGGRESSIVE;
				CLANG_WARN_UNREACHABLE_CODE = YES;
				CLANG_WARN__DUPLICATE_METHOD_MATCH = YES;
				CODE_SIGN_IDENTITY = "iPhone Developer";
				COPY_PHASE_STRIP = NO;
				DEBUG_INFORMATION_FORMAT = "dwarf-with-dsym";
				ENABLE_NS_ASSERTIONS = NO;
				ENABLE_STRICT_OBJC_MSGSEND = YES;
				GCC_C_LANGUAGE_STANDARD = gnu11;
				GCC_NO_COMMON_BLOCKS = YES;
				GCC_WARN_64_TO_32_BIT_CONVERSION = YES;
				GCC_WARN_ABOUT_RETURN_TYPE = YES_ERROR;
				GCC_WARN_UNDECLARED_SELECTOR = YES;
				GCC_WARN_UNINITIALIZED_AUTOS = YES_AGGRESSIVE;
				GCC_WARN_UNUSED_FUNCTION = YES;
				GCC_WARN_UNUSED_VARIABLE = YES;
				IPHONEOS_DEPLOYMENT_TARGET = 11.2;
				MTL_ENABLE_DEBUG_INFO = NO;
				SDKROOT = iphoneos;
				SWIFT_OPTIMIZATION_LEVEL = "-Owholemodule";
				VALIDATE_PRODUCT = YES;
			};
			name = Release;
		};
		5828B2C920F9EEB40064A88C /* Debug */ = {
			isa = XCBuildConfiguration;
			baseConfigurationReference = F6882E51D6B1AD6B10E23D35 /* Pods-TelstraiOSAssignment.debug.xcconfig */;
			buildSettings = {
				ASSETCATALOG_COMPILER_APPICON_NAME = AppIcon;
				CODE_SIGN_STYLE = Automatic;
				INFOPLIST_FILE = TelstraiOSAssignment/Info.plist;
				IPHONEOS_DEPLOYMENT_TARGET = 10.0;
				LD_RUNPATH_SEARCH_PATHS = "$(inherited) @executable_path/Frameworks";
				PRODUCT_BUNDLE_IDENTIFIER = com.saravana.TelstraiOSAssignment;
				PRODUCT_NAME = "$(TARGET_NAME)";
				SWIFT_VERSION = 4.0;
				TARGETED_DEVICE_FAMILY = "1,2";
			};
			name = Debug;
		};
		5828B2CA20F9EEB40064A88C /* Release */ = {
			isa = XCBuildConfiguration;
			baseConfigurationReference = 9787CF73A9A4727A46D754CF /* Pods-TelstraiOSAssignment.release.xcconfig */;
			buildSettings = {
				ASSETCATALOG_COMPILER_APPICON_NAME = AppIcon;
				CODE_SIGN_STYLE = Automatic;
				INFOPLIST_FILE = TelstraiOSAssignment/Info.plist;
				IPHONEOS_DEPLOYMENT_TARGET = 10.0;
				LD_RUNPATH_SEARCH_PATHS = "$(inherited) @executable_path/Frameworks";
				PRODUCT_BUNDLE_IDENTIFIER = com.saravana.TelstraiOSAssignment;
				PRODUCT_NAME = "$(TARGET_NAME)";
				SWIFT_VERSION = 4.0;
				TARGETED_DEVICE_FAMILY = "1,2";
			};
			name = Release;
		};
		5828B2CC20F9EEB40064A88C /* Debug */ = {
			isa = XCBuildConfiguration;
			baseConfigurationReference = 2A2D6E9CBF2BF74381EA5423 /* Pods-TelstraiOSAssignmentTests.debug.xcconfig */;
			buildSettings = {
				ALWAYS_EMBED_SWIFT_STANDARD_LIBRARIES = YES;
				BUNDLE_LOADER = "$(TEST_HOST)";
				CODE_SIGN_STYLE = Automatic;
				INFOPLIST_FILE = TelstraiOSAssignmentTests/Info.plist;
				LD_RUNPATH_SEARCH_PATHS = "$(inherited) @executable_path/Frameworks @loader_path/Frameworks";
				PRODUCT_BUNDLE_IDENTIFIER = com.saravana.TelstraiOSAssignmentTests;
				PRODUCT_NAME = "$(TARGET_NAME)";
				SWIFT_VERSION = 4.0;
				TARGETED_DEVICE_FAMILY = "1,2";
				TEST_HOST = "$(BUILT_PRODUCTS_DIR)/TelstraiOSAssignment.app/TelstraiOSAssignment";
			};
			name = Debug;
		};
		5828B2CD20F9EEB40064A88C /* Release */ = {
			isa = XCBuildConfiguration;
			baseConfigurationReference = 6DD1FF27C13ED22515CE94A9 /* Pods-TelstraiOSAssignmentTests.release.xcconfig */;
			buildSettings = {
				ALWAYS_EMBED_SWIFT_STANDARD_LIBRARIES = YES;
				BUNDLE_LOADER = "$(TEST_HOST)";
				CODE_SIGN_STYLE = Automatic;
				INFOPLIST_FILE = TelstraiOSAssignmentTests/Info.plist;
				LD_RUNPATH_SEARCH_PATHS = "$(inherited) @executable_path/Frameworks @loader_path/Frameworks";
				PRODUCT_BUNDLE_IDENTIFIER = com.saravana.TelstraiOSAssignmentTests;
				PRODUCT_NAME = "$(TARGET_NAME)";
				SWIFT_VERSION = 4.0;
				TARGETED_DEVICE_FAMILY = "1,2";
				TEST_HOST = "$(BUILT_PRODUCTS_DIR)/TelstraiOSAssignment.app/TelstraiOSAssignment";
			};
			name = Release;
		};
		5828B2CF20F9EEB40064A88C /* Debug */ = {
			isa = XCBuildConfiguration;
			baseConfigurationReference = 648C509B7930E862288F3757 /* Pods-TelstraiOSAssignmentUITests.debug.xcconfig */;
			buildSettings = {
				ALWAYS_EMBED_SWIFT_STANDARD_LIBRARIES = YES;
				CODE_SIGN_STYLE = Automatic;
				INFOPLIST_FILE = TelstraiOSAssignmentUITests/Info.plist;
				LD_RUNPATH_SEARCH_PATHS = "$(inherited) @executable_path/Frameworks @loader_path/Frameworks";
				PRODUCT_BUNDLE_IDENTIFIER = com.saravana.TelstraiOSAssignmentUITests;
				PRODUCT_NAME = "$(TARGET_NAME)";
				SWIFT_VERSION = 4.0;
				TARGETED_DEVICE_FAMILY = "1,2";
				TEST_TARGET_NAME = TelstraiOSAssignment;
			};
			name = Debug;
		};
		5828B2D020F9EEB40064A88C /* Release */ = {
			isa = XCBuildConfiguration;
			baseConfigurationReference = EC54B4DD6E7823D669B1579A /* Pods-TelstraiOSAssignmentUITests.release.xcconfig */;
			buildSettings = {
				ALWAYS_EMBED_SWIFT_STANDARD_LIBRARIES = YES;
				CODE_SIGN_STYLE = Automatic;
				INFOPLIST_FILE = TelstraiOSAssignmentUITests/Info.plist;
				LD_RUNPATH_SEARCH_PATHS = "$(inherited) @executable_path/Frameworks @loader_path/Frameworks";
				PRODUCT_BUNDLE_IDENTIFIER = com.saravana.TelstraiOSAssignmentUITests;
				PRODUCT_NAME = "$(TARGET_NAME)";
				SWIFT_VERSION = 4.0;
				TARGETED_DEVICE_FAMILY = "1,2";
				TEST_TARGET_NAME = TelstraiOSAssignment;
			};
			name = Release;
		};
/* End XCBuildConfiguration section */

/* Begin XCConfigurationList section */
		5828B29B20F9EEB40064A88C /* Build configuration list for PBXProject "TelstraiOSAssignment" */ = {
			isa = XCConfigurationList;
			buildConfigurations = (
				5828B2C620F9EEB40064A88C /* Debug */,
				5828B2C720F9EEB40064A88C /* Release */,
			);
			defaultConfigurationIsVisible = 0;
			defaultConfigurationName = Release;
		};
		5828B2C820F9EEB40064A88C /* Build configuration list for PBXNativeTarget "TelstraiOSAssignment" */ = {
			isa = XCConfigurationList;
			buildConfigurations = (
				5828B2C920F9EEB40064A88C /* Debug */,
				5828B2CA20F9EEB40064A88C /* Release */,
			);
			defaultConfigurationIsVisible = 0;
			defaultConfigurationName = Release;
		};
		5828B2CB20F9EEB40064A88C /* Build configuration list for PBXNativeTarget "TelstraiOSAssignmentTests" */ = {
			isa = XCConfigurationList;
			buildConfigurations = (
				5828B2CC20F9EEB40064A88C /* Debug */,
				5828B2CD20F9EEB40064A88C /* Release */,
			);
			defaultConfigurationIsVisible = 0;
			defaultConfigurationName = Release;
		};
		5828B2CE20F9EEB40064A88C /* Build configuration list for PBXNativeTarget "TelstraiOSAssignmentUITests" */ = {
			isa = XCConfigurationList;
			buildConfigurations = (
				5828B2CF20F9EEB40064A88C /* Debug */,
				5828B2D020F9EEB40064A88C /* Release */,
			);
			defaultConfigurationIsVisible = 0;
			defaultConfigurationName = Release;
		};
/* End XCConfigurationList section */
	};
	rootObject = 5828B29820F9EEB40064A88C /* Project object */;
}
